
Microsoft Visual Studio Solution File, Format Version 12.00
# Visual Studio Version 16
VisualStudioVersion = 16.0.31105.61
MinimumVisualStudioVersion = 10.0.40219.1
Project("{9A19103F-16F7-4668-BE54-9A1E7A4F7556}") = "TestProject1", "TestProject1\TestProject1.csproj", "{7C0BF414-0B0B-4215-A2D6-A83C7149E0DD}"
EndProject
Project("{FAE04EC0-301F-11D3-BF4B-00C04F79EFBC}") = "PrimeNumberFilter", "PrimeNumberFilter\PrimeNumberFilter.csproj", "{6AA41477-F2AD-4E33-BDFA-F073BE3BF295}"
EndProject
Global
	GlobalSection(SolutionConfigurationPlatforms) = preSolution
		Debug|Any CPU = Debug|Any CPU
		Release|Any CPU = Release|Any CPU
	EndGlobalSection
	GlobalSection(ProjectConfigurationPlatforms) = postSolution
		{7C0BF414-0B0B-4215-A2D6-A83C7149E0DD}.Debug|Any CPU.ActiveCfg = Debug|Any CPU
		{7C0BF414-0B0B-4215-A2D6-A83C7149E0DD}.Debug|Any CPU.Build.0 = Debug|Any CPU
		{7C0BF414-0B0B-4215-A2D6-A83C7149E0DD}.Release|Any CPU.ActiveCfg = Release|Any CPU
		{7C0BF414-0B0B-4215-A2D6-A83C7149E0DD}.Release|Any CPU.Build.0 = Release|Any CPU
		{6AA41477-F2AD-4E33-BDFA-F073BE3BF295}.Debug|Any CPU.ActiveCfg = Debug|Any CPU
		{6AA41477-F2AD-4E33-BDFA-F073BE3BF295}.Debug|Any CPU.Build.0 = Debug|Any CPU
		{6AA41477-F2AD-4E33-BDFA-F073BE3BF295}.Release|Any CPU.ActiveCfg = Release|Any CPU
		{6AA41477-F2AD-4E33-BDFA-F073BE3BF295}.Release|Any CPU.Build.0 = Release|Any CPU
	EndGlobalSection
	GlobalSection(SolutionProperties) = preSolution
		HideSolutionNode = FALSE
	EndGlobalSection
	GlobalSection(ExtensibilityGlobals) = postSolution
		SolutionGuid = {5B241141-77C5-450E-8EE0-6152997282BC}
	EndGlobalSection
EndGlobal
